PODS:
  - Flutter (1.0.0)
  - Nami (3.0.0-rc.04)
  - nami_flutter (3.0.0-alpha.02):
    - Flutter
    - Nami (= 3.0.0-rc.04)

DEPENDENCIES:
  - Flutter (from `Flutter`)
  - nami_flutter (from `.symlinks/plugins/nami_flutter/ios`)

SPEC REPOS:
  trunk:
    - Nami

EXTERNAL SOURCES:
  Flutter:
    :path: Flutter
  nami_flutter:
    :path: ".symlinks/plugins/nami_flutter/ios"

SPEC CHECKSUMS:
  Flutter: f04841e97a9d0b0a8025694d0796dd46242b2854
  Nami: 42c28a9c59427f2b3496b73712964e692f4b95ce
  nami_flutter: 48193ab1d85dcf6284d6ff35f3f379e50b1deef3

PODFILE CHECKSUM: cc1f88378b4bfcf93a6ce00d2c587857c6008d3b

COCOAPODS: 1.11.3
