PODS:
  - Flutter (1.0.0)
  - Nami (3.0.6)
  - nami_flutter (3.0.0-alpha.03):
    - Flutter
    - Nami (= 3.0.6)

DEPENDENCIES:
  - Flutter (from `Flutter`)
  - nami_flutter (from `.symlinks/plugins/nami_flutter/ios`)

SPEC REPOS:
  trunk:
    - Nami

EXTERNAL SOURCES:
  Flutter:
    :path: Flutter
  nami_flutter:
    :path: ".symlinks/plugins/nami_flutter/ios"

SPEC CHECKSUMS:
  Flutter: f04841e97a9d0b0a8025694d0796dd46242b2854
  Nami: 20d6d3ddd516ca2bdd41755af2313e2c04b28488
  nami_flutter: 241dd627028f59f66f144a8ea8276d3e377566a9

PODFILE CHECKSUM: ef19549a9bc3046e7bb7d2fab4d021637c0c58a3

COCOAPODS: 1.11.3
