PODS:
  - Flutter (1.0.0)
  - Nami (2.4.4)
  - nami_flutter (0.0.1):
    - Flutter
    - Nami

DEPENDENCIES:
  - Flutter (from `Flutter`)
  - nami_flutter (from `.symlinks/plugins/nami_flutter/ios`)

SPEC REPOS:
  trunk:
    - Nami

EXTERNAL SOURCES:
  Flutter:
    :path: Flutter
  nami_flutter:
    :path: ".symlinks/plugins/nami_flutter/ios"

SPEC CHECKSUMS:
  Flutter: 0e3d915762c693b495b44d77113d4970485de6ec
  Nami: 7b94676523c3467314d030379f53d836b2bf2f26
  nami_flutter: fc57d938031290e907cc1c59028abf2219a37cd9

PODFILE CHECKSUM: aafe91acc616949ddb318b77800a7f51bffa2a4c

COCOAPODS: 1.10.1
