PODS:
  - Flutter (1.0.0)
  - Nami (2.9.3)
  - nami_flutter (1.0.0):
    - Flutter
    - Nami (= 2.9.3)

DEPENDENCIES:
  - Flutter (from `Flutter`)
  - nami_flutter (from `.symlinks/plugins/nami_flutter/ios`)

SPEC REPOS:
  trunk:
    - Nami

EXTERNAL SOURCES:
  Flutter:
    :path: Flutter
  nami_flutter:
    :path: ".symlinks/plugins/nami_flutter/ios"

SPEC CHECKSUMS:
  Flutter: 434fef37c0980e73bb6479ef766c45957d4b510c
  Nami: 65926f3a18c836faffcc7eb1ed103ff076bbb7cc
  nami_flutter: dc2fb5802766b013161b434dd480913c63229abc

PODFILE CHECKSUM: aafe91acc616949ddb318b77800a7f51bffa2a4c

COCOAPODS: 1.10.1
